// !$*UTF8*$!
{
	archiveVersion = 1;
	classes = {
	};
	objectVersion = 46;
	objects = {

/* Begin PBXBuildFile section */
		4F8A1D54C95AA39D29D4CBD4 /* libPods-bilibili fake.a in Frameworks */ = {isa = PBXBuildFile; fileRef = 34A480E357E111053D1C8F64 /* libPods-bilibili fake.a */; };
		6E1535EA1D1A96A20053A846 /* HomeViewController.m in Sources */ = {isa = PBXBuildFile; fileRef = 6E1535E91D1A96A20053A846 /* HomeViewController.m */; };
		6E5DEF3C1D2E07ED009944D1 /* MeViewController.m in Sources */ = {isa = PBXBuildFile; fileRef = 6E5DEF3B1D2E07ED009944D1 /* MeViewController.m */; };
		6E66C8AF1D1AB1E9002DA3AB /* HomeHeaderView.m in Sources */ = {isa = PBXBuildFile; fileRef = 6E66C8AE1D1AB1E9002DA3AB /* HomeHeaderView.m */; };
		6E66C8B21D1AC307002DA3AB /* HomeLiveView.m in Sources */ = {isa = PBXBuildFile; fileRef = 6E66C8B11D1AC307002DA3AB /* HomeLiveView.m */; };
		6E66C8B81D1ACBD9002DA3AB /* FollowViewController.m in Sources */ = {isa = PBXBuildFile; fileRef = 6E66C8B71D1ACBD9002DA3AB /* FollowViewController.m */; };
		6E66C8BC1D1AE014002DA3AB /* ScrollTabBarController.m in Sources */ = {isa = PBXBuildFile; fileRef = 6E66C8BB1D1AE014002DA3AB /* ScrollTabBarController.m */; };
		6E66C8C21D1AE150002DA3AB /* TabBarControllerAnimatedTransitioning.m in Sources */ = {isa = PBXBuildFile; fileRef = 6E66C8C11D1AE150002DA3AB /* TabBarControllerAnimatedTransitioning.m */; };
		6E71ECD21D1C1BCA00F4B917 /* ESAPIConfigManager.m in Sources */ = {isa = PBXBuildFile; fileRef = 6E71ECCA1D1C1BCA00F4B917 /* ESAPIConfigManager.m */; };
		6E71ECD31D1C1BCA00F4B917 /* ESRequest.m in Sources */ = {isa = PBXBuildFile; fileRef = 6E71ECCC1D1C1BCA00F4B917 /* ESRequest.m */; };
		6E71ECD41D1C1BCA00F4B917 /* ESRequestCache.m in Sources */ = {isa = PBXBuildFile; fileRef = 6E71ECCE1D1C1BCA00F4B917 /* ESRequestCache.m */; };
		6E71ECD51D1C1BCA00F4B917 /* ESRequestHandler.m in Sources */ = {isa = PBXBuildFile; fileRef = 6E71ECD01D1C1BCA00F4B917 /* ESRequestHandler.m */; };
		6E71ECD91D1C1DEA00F4B917 /* HomeChannelView.m in Sources */ = {isa = PBXBuildFile; fileRef = 6E71ECD81D1C1DEA00F4B917 /* HomeChannelView.m */; };
		6E71ECE11D1C203D00F4B917 /* HomeChannelEntity.m in Sources */ = {isa = PBXBuildFile; fileRef = 6E71ECE01D1C203D00F4B917 /* HomeChannelEntity.m */; };
		6E76C1791D2A736A00C259E8 /* HomeChannelRequest.m in Sources */ = {isa = PBXBuildFile; fileRef = 6E76C1781D2A736A00C259E8 /* HomeChannelRequest.m */; };
		6EB4C1821D2CF59600AEB6EF /* HomeAnimationRequest.m in Sources */ = {isa = PBXBuildFile; fileRef = 6EB4C1811D2CF59600AEB6EF /* HomeAnimationRequest.m */; };
		6EB691EC1D12422C000FA482 /* main.m in Sources */ = {isa = PBXBuildFile; fileRef = 6EB691EB1D12422C000FA482 /* main.m */; };
		6EB691EF1D12422C000FA482 /* AppDelegate.m in Sources */ = {isa = PBXBuildFile; fileRef = 6EB691EE1D12422C000FA482 /* AppDelegate.m */; };
		6EB691F71D12422C000FA482 /* Assets.xcassets in Resources */ = {isa = PBXBuildFile; fileRef = 6EB691F61D12422C000FA482 /* Assets.xcassets */; };
		6EB691FA1D12422C000FA482 /* LaunchScreen.storyboard in Resources */ = {isa = PBXBuildFile; fileRef = 6EB691F81D12422C000FA482 /* LaunchScreen.storyboard */; };
		6EB692051D12422C000FA482 /* bilibili_fakeTests.m in Sources */ = {isa = PBXBuildFile; fileRef = 6EB692041D12422C000FA482 /* bilibili_fakeTests.m */; };
		6EB692101D12422C000FA482 /* bilibili_fakeUITests.m in Sources */ = {isa = PBXBuildFile; fileRef = 6EB6920F1D12422C000FA482 /* bilibili_fakeUITests.m */; };
		6ED65D541D38B67800D264F8 /* HomeChannelCollectionViewCell.m in Sources */ = {isa = PBXBuildFile; fileRef = 6ED65D501D38B67800D264F8 /* HomeChannelCollectionViewCell.m */; };
		6ED65D551D38B67800D264F8 /* HomeChannelModel.m in Sources */ = {isa = PBXBuildFile; fileRef = 6ED65D531D38B67800D264F8 /* HomeChannelModel.m */; };
		6ED65D5B1D38B71900D264F8 /* HomeAnimationCategoryEntity.m in Sources */ = {isa = PBXBuildFile; fileRef = 6ED65D5A1D38B71900D264F8 /* HomeAnimationCategoryEntity.m */; };
		6ED65D5E1D38B86E00D264F8 /* HomeAnimationCategoryCollectionViewCell.m in Sources */ = {isa = PBXBuildFile; fileRef = 6ED65D5D1D38B86E00D264F8 /* HomeAnimationCategoryCollectionViewCell.m */; };
		6ED65D611D38B9A100D264F8 /* HomeAnimationModel.m in Sources */ = {isa = PBXBuildFile; fileRef = 6ED65D601D38B9A100D264F8 /* HomeAnimationModel.m */; };
		6EFFD4A71D2BCE4400D1BC9E /* TabBar.m in Sources */ = {isa = PBXBuildFile; fileRef = 6EFFD4A61D2BCE4400D1BC9E /* TabBar.m */; };
		6EFFD4AB1D2BD6D800D1BC9E /* UIView+Frame.m in Sources */ = {isa = PBXBuildFile; fileRef = 6EFFD4AA1D2BD6D800D1BC9E /* UIView+Frame.m */; };
		6EFFD4AE1D2BDE9400D1BC9E /* HomeAnimationView.m in Sources */ = {isa = PBXBuildFile; fileRef = 6EFFD4AD1D2BDE9400D1BC9E /* HomeAnimationView.m */; };
		FC0745531D2CB7B9000DFBA6 /* ReadRQCodeVC.m in Sources */ = {isa = PBXBuildFile; fileRef = FC0745521D2CB7B9000DFBA6 /* ReadRQCodeVC.m */; };
		FC345C741D31597C00BAE32B /* SearchResultAllView.m in Sources */ = {isa = PBXBuildFile; fileRef = FC345C731D31597C00BAE32B /* SearchResultAllView.m */; };
		FC4D35F81D28378D000C3F01 /* FindViewController.m in Sources */ = {isa = PBXBuildFile; fileRef = FC4D35F61D28378D000C3F01 /* FindViewController.m */; };
		FC4D35F91D28378D000C3F01 /* FindViewController.plist in Resources */ = {isa = PBXBuildFile; fileRef = FC4D35F71D28378D000C3F01 /* FindViewController.plist */; };
		FC4D36011D283F47000C3F01 /* GameCentreVC.m in Sources */ = {isa = PBXBuildFile; fileRef = FC4D36001D283F47000C3F01 /* GameCentreVC.m */; };
		FC6F488B1D363AEB00047EEA /* NonVideoCell.m in Sources */ = {isa = PBXBuildFile; fileRef = FC6F488A1D363AEB00047EEA /* NonVideoCell.m */; };
		FC6F48921D363B1A00047EEA /* VideoCell.m in Sources */ = {isa = PBXBuildFile; fileRef = FC6F48911D363B1A00047EEA /* VideoCell.m */; };
		FC792C221D2E9B7600762831 /* SearchResultVC.m in Sources */ = {isa = PBXBuildFile; fileRef = FC792C211D2E9B7600762831 /* SearchResultVC.m */; };
		FC80C7341D377C6400D30E23 /* UILabel+LeftTopAlign.m in Sources */ = {isa = PBXBuildFile; fileRef = FC80C7331D377C6400D30E23 /* UILabel+LeftTopAlign.m */; };
		FC825ED81D1FE80100698652 /* CXHStartViewController.m in Sources */ = {isa = PBXBuildFile; fileRef = FC825ED71D1FE80100698652 /* CXHStartViewController.m */; };
		FCA4C71E1D284DB70006CA0E /* 游戏中心假数据.json in Resources */ = {isa = PBXBuildFile; fileRef = FCA4C71D1D284DB70006CA0E /* 游戏中心假数据.json */; };
		FCAA18ED1D2DEDD90046CBA4 /* RowBotton.m in Sources */ = {isa = PBXBuildFile; fileRef = FCAA18EC1D2DEDD90046CBA4 /* RowBotton.m */; };
		FCB5C9A61D333886000215B3 /* FindViewData.m in Sources */ = {isa = PBXBuildFile; fileRef = FCB5C9A21D333886000215B3 /* FindViewData.m */; };
		FCB5C9A71D333886000215B3 /* SearchResultData.m in Sources */ = {isa = PBXBuildFile; fileRef = FCB5C9A51D333886000215B3 /* SearchResultData.m */; };
		FCB5C9AE1D333D33000215B3 /* SearchPromptsVC.m in Sources */ = {isa = PBXBuildFile; fileRef = FCB5C9AD1D333D33000215B3 /* SearchPromptsVC.m */; };
		FCB5C9B11D333D6F000215B3 /* SearchPromptsData.m in Sources */ = {isa = PBXBuildFile; fileRef = FCB5C9B01D333D6F000215B3 /* SearchPromptsData.m */; };
		FCB5C9CD1D33AF41000215B3 /* FindViewCell.m in Sources */ = {isa = PBXBuildFile; fileRef = FCB5C9C81D33AF41000215B3 /* FindViewCell.m */; };
		FCB5C9CE1D33AF41000215B3 /* GameCenterCell.m in Sources */ = {isa = PBXBuildFile; fileRef = FCB5C9CB1D33AF41000215B3 /* GameCenterCell.m */; };
		FCB6C4671D2BE880008A3137 /* JCCollectionViewTagFlowLayout.m in Sources */ = {isa = PBXBuildFile; fileRef = FCB6C4621D2BE880008A3137 /* JCCollectionViewTagFlowLayout.m */; };
		FCB6C4681D2BE880008A3137 /* JCTagCell.m in Sources */ = {isa = PBXBuildFile; fileRef = FCB6C4641D2BE880008A3137 /* JCTagCell.m */; };
		FCB6C4691D2BE880008A3137 /* JCTagListView.m in Sources */ = {isa = PBXBuildFile; fileRef = FCB6C4661D2BE880008A3137 /* JCTagListView.m */; };
		FCFA05461D2FAFE0004A1742 /* GLIRViewController.m in Sources */ = {isa = PBXBuildFile; fileRef = FCFA05411D2FAFE0004A1742 /* GLIRViewController.m */; };
		FCFA05471D2FAFE0004A1742 /* RippleModel.m in Sources */ = {isa = PBXBuildFile; fileRef = FCFA05431D2FAFE0004A1742 /* RippleModel.m */; };
		FCFA05481D2FAFE0004A1742 /* Shader.fsh in Resources */ = {isa = PBXBuildFile; fileRef = FCFA05441D2FAFE0004A1742 /* Shader.fsh */; };
		FCFA05491D2FAFE0004A1742 /* Shader.vsh in Resources */ = {isa = PBXBuildFile; fileRef = FCFA05451D2FAFE0004A1742 /* Shader.vsh */; };
		FCFA054B1D2FB01A004A1742 /* bg.jpg in Resources */ = {isa = PBXBuildFile; fileRef = FCFA054A1D2FB01A004A1742 /* bg.jpg */; };
/* End PBXBuildFile section */

/* Begin PBXContainerItemProxy section */
		6EB692011D12422C000FA482 /* PBXContainerItemProxy */ = {
			isa = PBXContainerItemProxy;
			containerPortal = 6EB691DF1D12422B000FA482 /* Project object */;
			proxyType = 1;
			remoteGlobalIDString = 6EB691E61D12422B000FA482;
			remoteInfo = "bilibili fake";
		};
		6EB6920C1D12422C000FA482 /* PBXContainerItemProxy */ = {
			isa = PBXContainerItemProxy;
			containerPortal = 6EB691DF1D12422B000FA482 /* Project object */;
			proxyType = 1;
			remoteGlobalIDString = 6EB691E61D12422B000FA482;
			remoteInfo = "bilibili fake";
		};
/* End PBXContainerItemProxy section */

/* Begin PBXFileReference section */
		34A480E357E111053D1C8F64 /* libPods-bilibili fake.a */ = {isa = PBXFileReference; explicitFileType = archive.ar; includeInIndex = 0; path = "libPods-bilibili fake.a"; sourceTree = BUILT_PRODUCTS_DIR; };
		5F2BF61021EE340EDD15E9D7 /* Pods-bilibili fake.debug.xcconfig */ = {isa = PBXFileReference; includeInIndex = 1; lastKnownFileType = text.xcconfig; name = "Pods-bilibili fake.debug.xcconfig"; path = "Pods/Target Support Files/Pods-bilibili fake/Pods-bilibili fake.debug.xcconfig"; sourceTree = "<group>"; };
		6E1535E81D1A96A20053A846 /* HomeViewController.h */ = {isa = PBXFileReference; fileEncoding = 4; lastKnownFileType = sourcecode.c.h; path = HomeViewController.h; sourceTree = "<group>"; };
		6E1535E91D1A96A20053A846 /* HomeViewController.m */ = {isa = PBXFileReference; fileEncoding = 4; lastKnownFileType = sourcecode.c.objc; path = HomeViewController.m; sourceTree = "<group>"; };
		6E5381E11D1EA73E00B5B638 /* .gitignore */ = {isa = PBXFileReference; fileEncoding = 4; lastKnownFileType = text; path = .gitignore; sourceTree = "<group>"; };
		6E5DEF3A1D2E07ED009944D1 /* MeViewController.h */ = {isa = PBXFileReference; fileEncoding = 4; lastKnownFileType = sourcecode.c.h; path = MeViewController.h; sourceTree = "<group>"; };
		6E5DEF3B1D2E07ED009944D1 /* MeViewController.m */ = {isa = PBXFileReference; fileEncoding = 4; lastKnownFileType = sourcecode.c.objc; path = MeViewController.m; sourceTree = "<group>"; };
		6E66C8AD1D1AB1E9002DA3AB /* HomeHeaderView.h */ = {isa = PBXFileReference; fileEncoding = 4; lastKnownFileType = sourcecode.c.h; path = HomeHeaderView.h; sourceTree = "<group>"; };
		6E66C8AE1D1AB1E9002DA3AB /* HomeHeaderView.m */ = {isa = PBXFileReference; fileEncoding = 4; lastKnownFileType = sourcecode.c.objc; path = HomeHeaderView.m; sourceTree = "<group>"; };
		6E66C8B01D1AC307002DA3AB /* HomeLiveView.h */ = {isa = PBXFileReference; fileEncoding = 4; lastKnownFileType = sourcecode.c.h; path = HomeLiveView.h; sourceTree = "<group>"; };
		6E66C8B11D1AC307002DA3AB /* HomeLiveView.m */ = {isa = PBXFileReference; fileEncoding = 4; lastKnownFileType = sourcecode.c.objc; path = HomeLiveView.m; sourceTree = "<group>"; };
		6E66C8B61D1ACBD9002DA3AB /* FollowViewController.h */ = {isa = PBXFileReference; fileEncoding = 4; lastKnownFileType = sourcecode.c.h; path = FollowViewController.h; sourceTree = "<group>"; };
		6E66C8B71D1ACBD9002DA3AB /* FollowViewController.m */ = {isa = PBXFileReference; fileEncoding = 4; lastKnownFileType = sourcecode.c.objc; path = FollowViewController.m; sourceTree = "<group>"; };
		6E66C8BA1D1AE014002DA3AB /* ScrollTabBarController.h */ = {isa = PBXFileReference; fileEncoding = 4; lastKnownFileType = sourcecode.c.h; path = ScrollTabBarController.h; sourceTree = "<group>"; };
		6E66C8BB1D1AE014002DA3AB /* ScrollTabBarController.m */ = {isa = PBXFileReference; fileEncoding = 4; lastKnownFileType = sourcecode.c.objc; path = ScrollTabBarController.m; sourceTree = "<group>"; };
		6E66C8C01D1AE150002DA3AB /* TabBarControllerAnimatedTransitioning.h */ = {isa = PBXFileReference; fileEncoding = 4; lastKnownFileType = sourcecode.c.h; path = TabBarControllerAnimatedTransitioning.h; sourceTree = "<group>"; };
		6E66C8C11D1AE150002DA3AB /* TabBarControllerAnimatedTransitioning.m */ = {isa = PBXFileReference; fileEncoding = 4; lastKnownFileType = sourcecode.c.objc; path = TabBarControllerAnimatedTransitioning.m; sourceTree = "<group>"; };
		6E71ECC91D1C1BCA00F4B917 /* ESAPIConfigManager.h */ = {isa = PBXFileReference; fileEncoding = 4; lastKnownFileType = sourcecode.c.h; path = ESAPIConfigManager.h; sourceTree = "<group>"; };
		6E71ECCA1D1C1BCA00F4B917 /* ESAPIConfigManager.m */ = {isa = PBXFileReference; fileEncoding = 4; lastKnownFileType = sourcecode.c.objc; path = ESAPIConfigManager.m; sourceTree = "<group>"; };
		6E71ECCB1D1C1BCA00F4B917 /* ESRequest.h */ = {isa = PBXFileReference; fileEncoding = 4; lastKnownFileType = sourcecode.c.h; path = ESRequest.h; sourceTree = "<group>"; };
		6E71ECCC1D1C1BCA00F4B917 /* ESRequest.m */ = {isa = PBXFileReference; fileEncoding = 4; lastKnownFileType = sourcecode.c.objc; path = ESRequest.m; sourceTree = "<group>"; };
		6E71ECCD1D1C1BCA00F4B917 /* ESRequestCache.h */ = {isa = PBXFileReference; fileEncoding = 4; lastKnownFileType = sourcecode.c.h; path = ESRequestCache.h; sourceTree = "<group>"; };
		6E71ECCE1D1C1BCA00F4B917 /* ESRequestCache.m */ = {isa = PBXFileReference; fileEncoding = 4; lastKnownFileType = sourcecode.c.objc; path = ESRequestCache.m; sourceTree = "<group>"; };
		6E71ECCF1D1C1BCA00F4B917 /* ESRequestHandler.h */ = {isa = PBXFileReference; fileEncoding = 4; lastKnownFileType = sourcecode.c.h; path = ESRequestHandler.h; sourceTree = "<group>"; };
		6E71ECD01D1C1BCA00F4B917 /* ESRequestHandler.m */ = {isa = PBXFileReference; fileEncoding = 4; lastKnownFileType = sourcecode.c.objc; path = ESRequestHandler.m; sourceTree = "<group>"; };
		6E71ECD71D1C1DEA00F4B917 /* HomeChannelView.h */ = {isa = PBXFileReference; fileEncoding = 4; lastKnownFileType = sourcecode.c.h; path = HomeChannelView.h; sourceTree = "<group>"; };
		6E71ECD81D1C1DEA00F4B917 /* HomeChannelView.m */ = {isa = PBXFileReference; fileEncoding = 4; lastKnownFileType = sourcecode.c.objc; path = HomeChannelView.m; sourceTree = "<group>"; };
		6E71ECDD1D1C1E5500F4B917 /* Macro.h */ = {isa = PBXFileReference; lastKnownFileType = sourcecode.c.h; path = Macro.h; sourceTree = "<group>"; };
		6E71ECDF1D1C203D00F4B917 /* HomeChannelEntity.h */ = {isa = PBXFileReference; fileEncoding = 4; lastKnownFileType = sourcecode.c.h; path = HomeChannelEntity.h; sourceTree = "<group>"; };
		6E71ECE01D1C203D00F4B917 /* HomeChannelEntity.m */ = {isa = PBXFileReference; fileEncoding = 4; lastKnownFileType = sourcecode.c.objc; path = HomeChannelEntity.m; sourceTree = "<group>"; };
		6E76C1771D2A736A00C259E8 /* HomeChannelRequest.h */ = {isa = PBXFileReference; fileEncoding = 4; lastKnownFileType = sourcecode.c.h; path = HomeChannelRequest.h; sourceTree = "<group>"; };
		6E76C1781D2A736A00C259E8 /* HomeChannelRequest.m */ = {isa = PBXFileReference; fileEncoding = 4; lastKnownFileType = sourcecode.c.objc; path = HomeChannelRequest.m; sourceTree = "<group>"; };
		6E76C17A1D2A768D00C259E8 /* PrefixHeader.h */ = {isa = PBXFileReference; lastKnownFileType = sourcecode.c.h; path = PrefixHeader.h; sourceTree = "<group>"; };
		6EB4C1801D2CF59600AEB6EF /* HomeAnimationRequest.h */ = {isa = PBXFileReference; fileEncoding = 4; lastKnownFileType = sourcecode.c.h; path = HomeAnimationRequest.h; sourceTree = "<group>"; };
		6EB4C1811D2CF59600AEB6EF /* HomeAnimationRequest.m */ = {isa = PBXFileReference; fileEncoding = 4; lastKnownFileType = sourcecode.c.objc; path = HomeAnimationRequest.m; sourceTree = "<group>"; };
		6EB691E71D12422B000FA482 /* bilibili fake.app */ = {isa = PBXFileReference; explicitFileType = wrapper.application; includeInIndex = 0; path = "bilibili fake.app"; sourceTree = BUILT_PRODUCTS_DIR; };
		6EB691EB1D12422C000FA482 /* main.m */ = {isa = PBXFileReference; lastKnownFileType = sourcecode.c.objc; path = main.m; sourceTree = "<group>"; };
		6EB691ED1D12422C000FA482 /* AppDelegate.h */ = {isa = PBXFileReference; lastKnownFileType = sourcecode.c.h; path = AppDelegate.h; sourceTree = "<group>"; };
		6EB691EE1D12422C000FA482 /* AppDelegate.m */ = {isa = PBXFileReference; lastKnownFileType = sourcecode.c.objc; path = AppDelegate.m; sourceTree = "<group>"; };
		6EB691F61D12422C000FA482 /* Assets.xcassets */ = {isa = PBXFileReference; lastKnownFileType = folder.assetcatalog; path = Assets.xcassets; sourceTree = "<group>"; };
		6EB691F91D12422C000FA482 /* Base */ = {isa = PBXFileReference; lastKnownFileType = file.storyboard; name = Base; path = Base.lproj/LaunchScreen.storyboard; sourceTree = "<group>"; };
		6EB691FB1D12422C000FA482 /* Info.plist */ = {isa = PBXFileReference; lastKnownFileType = text.plist.xml; path = Info.plist; sourceTree = "<group>"; };
		6EB692001D12422C000FA482 /* bilibili fakeTests.xctest */ = {isa = PBXFileReference; explicitFileType = wrapper.cfbundle; includeInIndex = 0; path = "bilibili fakeTests.xctest"; sourceTree = BUILT_PRODUCTS_DIR; };
		6EB692041D12422C000FA482 /* bilibili_fakeTests.m */ = {isa = PBXFileReference; lastKnownFileType = sourcecode.c.objc; path = bilibili_fakeTests.m; sourceTree = "<group>"; };
		6EB692061D12422C000FA482 /* Info.plist */ = {isa = PBXFileReference; lastKnownFileType = text.plist.xml; path = Info.plist; sourceTree = "<group>"; };
		6EB6920B1D12422C000FA482 /* bilibili fakeUITests.xctest */ = {isa = PBXFileReference; explicitFileType = wrapper.cfbundle; includeInIndex = 0; path = "bilibili fakeUITests.xctest"; sourceTree = BUILT_PRODUCTS_DIR; };
		6EB6920F1D12422C000FA482 /* bilibili_fakeUITests.m */ = {isa = PBXFileReference; lastKnownFileType = sourcecode.c.objc; path = bilibili_fakeUITests.m; sourceTree = "<group>"; };
		6EB692111D12422C000FA482 /* Info.plist */ = {isa = PBXFileReference; lastKnownFileType = text.plist.xml; path = Info.plist; sourceTree = "<group>"; };
		6ED65D4F1D38B67800D264F8 /* HomeChannelCollectionViewCell.h */ = {isa = PBXFileReference; fileEncoding = 4; lastKnownFileType = sourcecode.c.h; path = HomeChannelCollectionViewCell.h; sourceTree = "<group>"; };
		6ED65D501D38B67800D264F8 /* HomeChannelCollectionViewCell.m */ = {isa = PBXFileReference; fileEncoding = 4; lastKnownFileType = sourcecode.c.objc; path = HomeChannelCollectionViewCell.m; sourceTree = "<group>"; };
		6ED65D521D38B67800D264F8 /* HomeChannelModel.h */ = {isa = PBXFileReference; fileEncoding = 4; lastKnownFileType = sourcecode.c.h; path = HomeChannelModel.h; sourceTree = "<group>"; };
		6ED65D531D38B67800D264F8 /* HomeChannelModel.m */ = {isa = PBXFileReference; fileEncoding = 4; lastKnownFileType = sourcecode.c.objc; path = HomeChannelModel.m; sourceTree = "<group>"; };
		6ED65D591D38B71900D264F8 /* HomeAnimationCategoryEntity.h */ = {isa = PBXFileReference; fileEncoding = 4; lastKnownFileType = sourcecode.c.h; path = HomeAnimationCategoryEntity.h; sourceTree = "<group>"; };
		6ED65D5A1D38B71900D264F8 /* HomeAnimationCategoryEntity.m */ = {isa = PBXFileReference; fileEncoding = 4; lastKnownFileType = sourcecode.c.objc; path = HomeAnimationCategoryEntity.m; sourceTree = "<group>"; };
		6ED65D5C1D38B86E00D264F8 /* HomeAnimationCategoryCollectionViewCell.h */ = {isa = PBXFileReference; fileEncoding = 4; lastKnownFileType = sourcecode.c.h; path = HomeAnimationCategoryCollectionViewCell.h; sourceTree = "<group>"; };
		6ED65D5D1D38B86E00D264F8 /* HomeAnimationCategoryCollectionViewCell.m */ = {isa = PBXFileReference; fileEncoding = 4; lastKnownFileType = sourcecode.c.objc; path = HomeAnimationCategoryCollectionViewCell.m; sourceTree = "<group>"; };
		6ED65D5F1D38B9A100D264F8 /* HomeAnimationModel.h */ = {isa = PBXFileReference; fileEncoding = 4; lastKnownFileType = sourcecode.c.h; path = HomeAnimationModel.h; sourceTree = "<group>"; };
		6ED65D601D38B9A100D264F8 /* HomeAnimationModel.m */ = {isa = PBXFileReference; fileEncoding = 4; lastKnownFileType = sourcecode.c.objc; path = HomeAnimationModel.m; sourceTree = "<group>"; };
		6EFFD4A51D2BCE4400D1BC9E /* TabBar.h */ = {isa = PBXFileReference; fileEncoding = 4; lastKnownFileType = sourcecode.c.h; path = TabBar.h; sourceTree = "<group>"; };
		6EFFD4A61D2BCE4400D1BC9E /* TabBar.m */ = {isa = PBXFileReference; fileEncoding = 4; lastKnownFileType = sourcecode.c.objc; path = TabBar.m; sourceTree = "<group>"; };
		6EFFD4A91D2BD6D800D1BC9E /* UIView+Frame.h */ = {isa = PBXFileReference; fileEncoding = 4; lastKnownFileType = sourcecode.c.h; path = "UIView+Frame.h"; sourceTree = "<group>"; };
		6EFFD4AA1D2BD6D800D1BC9E /* UIView+Frame.m */ = {isa = PBXFileReference; fileEncoding = 4; lastKnownFileType = sourcecode.c.objc; path = "UIView+Frame.m"; sourceTree = "<group>"; };
		6EFFD4AC1D2BDE9400D1BC9E /* HomeAnimationView.h */ = {isa = PBXFileReference; fileEncoding = 4; lastKnownFileType = sourcecode.c.h; path = HomeAnimationView.h; sourceTree = "<group>"; };
		6EFFD4AD1D2BDE9400D1BC9E /* HomeAnimationView.m */ = {isa = PBXFileReference; fileEncoding = 4; lastKnownFileType = sourcecode.c.objc; path = HomeAnimationView.m; sourceTree = "<group>"; };
		6EFFD4AF1D2BDEBA00D1BC9E /* 接口整理.md */ = {isa = PBXFileReference; fileEncoding = 4; lastKnownFileType = net.daringfireball.markdown; path = "接口整理.md"; sourceTree = "<group>"; };
		6EFFD4B51D2BE5BE00D1BC9E /* README.md */ = {isa = PBXFileReference; fileEncoding = 4; lastKnownFileType = net.daringfireball.markdown; path = README.md; sourceTree = "<group>"; };
		8A799A4DD17AEAA2C2D0960A /* Pods-bilibili fake.release.xcconfig */ = {isa = PBXFileReference; includeInIndex = 1; lastKnownFileType = text.xcconfig; name = "Pods-bilibili fake.release.xcconfig"; path = "Pods/Target Support Files/Pods-bilibili fake/Pods-bilibili fake.release.xcconfig"; sourceTree = "<group>"; };
		FC0745511D2CB7B9000DFBA6 /* ReadRQCodeVC.h */ = {isa = PBXFileReference; fileEncoding = 4; lastKnownFileType = sourcecode.c.h; name = "ReadRQ\U0010CodeVC.h"; path = "ReadRQ\U0010Code/ReadRQ\U0010CodeVC.h"; sourceTree = "<group>"; };
		FC0745521D2CB7B9000DFBA6 /* ReadRQCodeVC.m */ = {isa = PBXFileReference; fileEncoding = 4; lastKnownFileType = sourcecode.c.objc; name = "ReadRQ\U0010CodeVC.m"; path = "ReadRQ\U0010Code/ReadRQ\U0010CodeVC.m"; sourceTree = "<group>"; };
		FC345C721D31597C00BAE32B /* SearchResultAllView.h */ = {isa = PBXFileReference; fileEncoding = 4; lastKnownFileType = sourcecode.c.h; path = SearchResultAllView.h; sourceTree = "<group>"; };
		FC345C731D31597C00BAE32B /* SearchResultAllView.m */ = {isa = PBXFileReference; fileEncoding = 4; lastKnownFileType = sourcecode.c.objc; path = SearchResultAllView.m; sourceTree = "<group>"; };
		FC4D35F51D28378D000C3F01 /* FindViewController.h */ = {isa = PBXFileReference; fileEncoding = 4; lastKnownFileType = sourcecode.c.h; path = FindViewController.h; sourceTree = "<group>"; };
		FC4D35F61D28378D000C3F01 /* FindViewController.m */ = {isa = PBXFileReference; fileEncoding = 4; lastKnownFileType = sourcecode.c.objc; path = FindViewController.m; sourceTree = "<group>"; };
		FC4D35F71D28378D000C3F01 /* FindViewController.plist */ = {isa = PBXFileReference; fileEncoding = 4; lastKnownFileType = text.plist.xml; path = FindViewController.plist; sourceTree = "<group>"; };
		FC4D35FF1D283F47000C3F01 /* GameCentreVC.h */ = {isa = PBXFileReference; fileEncoding = 4; lastKnownFileType = sourcecode.c.h; name = GameCentreVC.h; path = "bilibili fake/Class/Modules/find/Controller/GameCentreVC/GameCentreVC.h"; sourceTree = SOURCE_ROOT; };
		FC4D36001D283F47000C3F01 /* GameCentreVC.m */ = {isa = PBXFileReference; fileEncoding = 4; lastKnownFileType = sourcecode.c.objc; name = GameCentreVC.m; path = "bilibili fake/Class/Modules/find/Controller/GameCentreVC/GameCentreVC.m"; sourceTree = SOURCE_ROOT; };
		FC6F48891D363AEB00047EEA /* NonVideoCell.h */ = {isa = PBXFileReference; fileEncoding = 4; lastKnownFileType = sourcecode.c.h; name = NonVideoCell.h; path = "bilibili fake/Class/Modules/find/Cell/NonVideoCell/NonVideoCell.h"; sourceTree = SOURCE_ROOT; };
		FC6F488A1D363AEB00047EEA /* NonVideoCell.m */ = {isa = PBXFileReference; fileEncoding = 4; lastKnownFileType = sourcecode.c.objc; name = NonVideoCell.m; path = "bilibili fake/Class/Modules/find/Cell/NonVideoCell/NonVideoCell.m"; sourceTree = SOURCE_ROOT; };
		FC6F48901D363B1A00047EEA /* VideoCell.h */ = {isa = PBXFileReference; fileEncoding = 4; lastKnownFileType = sourcecode.c.h; path = VideoCell.h; sourceTree = "<group>"; };
		FC6F48911D363B1A00047EEA /* VideoCell.m */ = {isa = PBXFileReference; fileEncoding = 4; lastKnownFileType = sourcecode.c.objc; path = VideoCell.m; sourceTree = "<group>"; };
		FC792C201D2E9B7600762831 /* SearchResultVC.h */ = {isa = PBXFileReference; fileEncoding = 4; lastKnownFileType = sourcecode.c.h; name = SearchResultVC.h; path = SearchResultVC/SearchResultVC.h; sourceTree = "<group>"; };
		FC792C211D2E9B7600762831 /* SearchResultVC.m */ = {isa = PBXFileReference; fileEncoding = 4; lastKnownFileType = sourcecode.c.objc; name = SearchResultVC.m; path = SearchResultVC/SearchResultVC.m; sourceTree = "<group>"; };
		FC80C7321D377C6400D30E23 /* UILabel+LeftTopAlign.h */ = {isa = PBXFileReference; fileEncoding = 4; lastKnownFileType = sourcecode.c.h; name = "UILabel+LeftTopAlign.h"; path = "Label/UILabel+LeftTopAlign.h"; sourceTree = "<group>"; };
		FC80C7331D377C6400D30E23 /* UILabel+LeftTopAlign.m */ = {isa = PBXFileReference; fileEncoding = 4; lastKnownFileType = sourcecode.c.objc; name = "UILabel+LeftTopAlign.m"; path = "Label/UILabel+LeftTopAlign.m"; sourceTree = "<group>"; };
		FC825ED61D1FE80100698652 /* CXHStartViewController.h */ = {isa = PBXFileReference; fileEncoding = 4; lastKnownFileType = sourcecode.c.h; path = CXHStartViewController.h; sourceTree = "<group>"; };
		FC825ED71D1FE80100698652 /* CXHStartViewController.m */ = {isa = PBXFileReference; fileEncoding = 4; lastKnownFileType = sourcecode.c.objc; path = CXHStartViewController.m; sourceTree = "<group>"; };
		FCA4C71D1D284DB70006CA0E /* 游戏中心假数据.json */ = {isa = PBXFileReference; fileEncoding = 4; lastKnownFileType = text.json; path = "游戏中心假数据.json"; sourceTree = "<group>"; };
		FCAA18EB1D2DEDD90046CBA4 /* RowBotton.h */ = {isa = PBXFileReference; fileEncoding = 4; lastKnownFileType = sourcecode.c.h; name = RowBotton.h; path = RowBotton/RowBotton.h; sourceTree = "<group>"; };
		FCAA18EC1D2DEDD90046CBA4 /* RowBotton.m */ = {isa = PBXFileReference; fileEncoding = 4; lastKnownFileType = sourcecode.c.objc; name = RowBotton.m; path = RowBotton/RowBotton.m; sourceTree = "<group>"; };
		FCB5C9A11D333886000215B3 /* FindViewData.h */ = {isa = PBXFileReference; fileEncoding = 4; lastKnownFileType = sourcecode.c.h; path = FindViewData.h; sourceTree = "<group>"; };
		FCB5C9A21D333886000215B3 /* FindViewData.m */ = {isa = PBXFileReference; fileEncoding = 4; lastKnownFileType = sourcecode.c.objc; path = FindViewData.m; sourceTree = "<group>"; };
		FCB5C9A41D333886000215B3 /* SearchResultData.h */ = {isa = PBXFileReference; fileEncoding = 4; lastKnownFileType = sourcecode.c.h; path = SearchResultData.h; sourceTree = "<group>"; };
		FCB5C9A51D333886000215B3 /* SearchResultData.m */ = {isa = PBXFileReference; fileEncoding = 4; lastKnownFileType = sourcecode.c.objc; path = SearchResultData.m; sourceTree = "<group>"; };
		FCB5C9AC1D333D33000215B3 /* SearchPromptsVC.h */ = {isa = PBXFileReference; fileEncoding = 4; lastKnownFileType = sourcecode.c.h; name = SearchPromptsVC.h; path = SearchPromptsVC/SearchPromptsVC.h; sourceTree = "<group>"; };
		FCB5C9AD1D333D33000215B3 /* SearchPromptsVC.m */ = {isa = PBXFileReference; fileEncoding = 4; lastKnownFileType = sourcecode.c.objc; name = SearchPromptsVC.m; path = SearchPromptsVC/SearchPromptsVC.m; sourceTree = "<group>"; };
		FCB5C9AF1D333D6F000215B3 /* SearchPromptsData.h */ = {isa = PBXFileReference; fileEncoding = 4; lastKnownFileType = sourcecode.c.h; name = SearchPromptsData.h; path = SearchPromptsData/SearchPromptsData.h; sourceTree = "<group>"; };
		FCB5C9B01D333D6F000215B3 /* SearchPromptsData.m */ = {isa = PBXFileReference; fileEncoding = 4; lastKnownFileType = sourcecode.c.objc; name = SearchPromptsData.m; path = SearchPromptsData/SearchPromptsData.m; sourceTree = "<group>"; };
		FCB5C9C71D33AF41000215B3 /* FindViewCell.h */ = {isa = PBXFileReference; fileEncoding = 4; lastKnownFileType = sourcecode.c.h; path = FindViewCell.h; sourceTree = "<group>"; };
		FCB5C9C81D33AF41000215B3 /* FindViewCell.m */ = {isa = PBXFileReference; fileEncoding = 4; lastKnownFileType = sourcecode.c.objc; path = FindViewCell.m; sourceTree = "<group>"; };
		FCB5C9CA1D33AF41000215B3 /* GameCenterCell.h */ = {isa = PBXFileReference; fileEncoding = 4; lastKnownFileType = sourcecode.c.h; path = GameCenterCell.h; sourceTree = "<group>"; };
		FCB5C9CB1D33AF41000215B3 /* GameCenterCell.m */ = {isa = PBXFileReference; fileEncoding = 4; lastKnownFileType = sourcecode.c.objc; path = GameCenterCell.m; sourceTree = "<group>"; };
		FCB6C4611D2BE880008A3137 /* JCCollectionViewTagFlowLayout.h */ = {isa = PBXFileReference; fileEncoding = 4; lastKnownFileType = sourcecode.c.h; path = JCCollectionViewTagFlowLayout.h; sourceTree = "<group>"; };
		FCB6C4621D2BE880008A3137 /* JCCollectionViewTagFlowLayout.m */ = {isa = PBXFileReference; fileEncoding = 4; lastKnownFileType = sourcecode.c.objc; path = JCCollectionViewTagFlowLayout.m; sourceTree = "<group>"; };
		FCB6C4631D2BE880008A3137 /* JCTagCell.h */ = {isa = PBXFileReference; fileEncoding = 4; lastKnownFileType = sourcecode.c.h; path = JCTagCell.h; sourceTree = "<group>"; };
		FCB6C4641D2BE880008A3137 /* JCTagCell.m */ = {isa = PBXFileReference; fileEncoding = 4; lastKnownFileType = sourcecode.c.objc; path = JCTagCell.m; sourceTree = "<group>"; };
		FCB6C4651D2BE880008A3137 /* JCTagListView.h */ = {isa = PBXFileReference; fileEncoding = 4; lastKnownFileType = sourcecode.c.h; path = JCTagListView.h; sourceTree = "<group>"; };
		FCB6C4661D2BE880008A3137 /* JCTagListView.m */ = {isa = PBXFileReference; fileEncoding = 4; lastKnownFileType = sourcecode.c.objc; path = JCTagListView.m; sourceTree = "<group>"; };
		FCFA05401D2FAFE0004A1742 /* GLIRViewController.h */ = {isa = PBXFileReference; fileEncoding = 4; lastKnownFileType = sourcecode.c.h; path = GLIRViewController.h; sourceTree = "<group>"; };
		FCFA05411D2FAFE0004A1742 /* GLIRViewController.m */ = {isa = PBXFileReference; fileEncoding = 4; lastKnownFileType = sourcecode.c.objc; path = GLIRViewController.m; sourceTree = "<group>"; };
		FCFA05421D2FAFE0004A1742 /* RippleModel.h */ = {isa = PBXFileReference; fileEncoding = 4; lastKnownFileType = sourcecode.c.h; path = RippleModel.h; sourceTree = "<group>"; };
		FCFA05431D2FAFE0004A1742 /* RippleModel.m */ = {isa = PBXFileReference; fileEncoding = 4; lastKnownFileType = sourcecode.c.objc; path = RippleModel.m; sourceTree = "<group>"; };
		FCFA05441D2FAFE0004A1742 /* Shader.fsh */ = {isa = PBXFileReference; fileEncoding = 4; lastKnownFileType = sourcecode.glsl; path = Shader.fsh; sourceTree = "<group>"; };
		FCFA05451D2FAFE0004A1742 /* Shader.vsh */ = {isa = PBXFileReference; fileEncoding = 4; lastKnownFileType = sourcecode.glsl; path = Shader.vsh; sourceTree = "<group>"; };
		FCFA054A1D2FB01A004A1742 /* bg.jpg */ = {isa = PBXFileReference; lastKnownFileType = image.jpeg; path = bg.jpg; sourceTree = "<group>"; };
/* End PBXFileReference section */

/* Begin PBXFrameworksBuildPhase section */
		6EB691E41D12422B000FA482 /* Frameworks */ = {
			isa = PBXFrameworksBuildPhase;
			buildActionMask = 2147483647;
			files = (
				4F8A1D54C95AA39D29D4CBD4 /* libPods-bilibili fake.a in Frameworks */,
			);
			runOnlyForDeploymentPostprocessing = 0;
		};
		6EB691FD1D12422C000FA482 /* Frameworks */ = {
			isa = PBXFrameworksBuildPhase;
			buildActionMask = 2147483647;
			files = (
			);
			runOnlyForDeploymentPostprocessing = 0;
		};
		6EB692081D12422C000FA482 /* Frameworks */ = {
			isa = PBXFrameworksBuildPhase;
			buildActionMask = 2147483647;
			files = (
			);
			runOnlyForDeploymentPostprocessing = 0;
		};
/* End PBXFrameworksBuildPhase section */

/* Begin PBXGroup section */
		4797BAF3C91DC6AFA4374A82 /* Pods */ = {
			isa = PBXGroup;
			children = (
				5F2BF61021EE340EDD15E9D7 /* Pods-bilibili fake.debug.xcconfig */,
				8A799A4DD17AEAA2C2D0960A /* Pods-bilibili fake.release.xcconfig */,
			);
			name = Pods;
			sourceTree = "<group>";
		};
		6E1535DE1D1A87FA0053A846 /* Librarys */ = {
			isa = PBXGroup;
			children = (
				FCFA053F1D2FAFE0004A1742 /* RippleTableViewController */,
			);
			path = Librarys;
			sourceTree = "<group>";
		};
		6E1535E01D1A94A40053A846 /* Macro */ = {
			isa = PBXGroup;
			children = (
				6E71ECDD1D1C1E5500F4B917 /* Macro.h */,
			);
			path = Macro;
			sourceTree = "<group>";
		};
		6E1535E11D1A94A40053A846 /* Category */ = {
			isa = PBXGroup;
			children = (
				FC80C7301D377C2700D30E23 /* Label */,
				6EFFD4A81D2BD6C500D1BC9E /* View */,
			);
			path = Category;
			sourceTree = "<group>";
		};
		6E1535E21D1A95940053A846 /* Common */ = {
			isa = PBXGroup;
			children = (
				FCB6C4601D2BE880008A3137 /* JCTagListView */,
				6EFFD4A31D2BCDFB00D1BC9E /* Views */,
				6E71ECC81D1C1BCA00F4B917 /* ESRequest */,
			);
			path = Common;
			sourceTree = "<group>";
		};
		6E1535E31D1A96950053A846 /* Home */ = {
			isa = PBXGroup;
			children = (
				6E71ECE21D1C20CD00F4B917 /* Request */,
				6E71ECDE1D1C1F2D00F4B917 /* Entity */,
				6ED65D511D38B67800D264F8 /* Model */,
				6ED65D4E1D38B67800D264F8 /* Cell */,
				6E1535E71D1A96950053A846 /* View */,
				6E1535E51D1A96950053A846 /* Controller */,
			);
			path = Home;
			sourceTree = "<group>";
		};
		6E1535E51D1A96950053A846 /* Controller */ = {
			isa = PBXGroup;
			children = (
				6E1535E81D1A96A20053A846 /* HomeViewController.h */,
				6E1535E91D1A96A20053A846 /* HomeViewController.m */,
			);
			path = Controller;
			sourceTree = "<group>";
		};
		6E1535E71D1A96950053A846 /* View */ = {
			isa = PBXGroup;
			children = (
				6E66C8AD1D1AB1E9002DA3AB /* HomeHeaderView.h */,
				6E66C8AE1D1AB1E9002DA3AB /* HomeHeaderView.m */,
				6E66C8B01D1AC307002DA3AB /* HomeLiveView.h */,
				6E66C8B11D1AC307002DA3AB /* HomeLiveView.m */,
				6EFFD4AC1D2BDE9400D1BC9E /* HomeAnimationView.h */,
				6EFFD4AD1D2BDE9400D1BC9E /* HomeAnimationView.m */,
				6E71ECD71D1C1DEA00F4B917 /* HomeChannelView.h */,
				6E71ECD81D1C1DEA00F4B917 /* HomeChannelView.m */,
			);
			path = View;
			sourceTree = "<group>";
		};
		6E5DEF361D2E07D2009944D1 /* Me */ = {
			isa = PBXGroup;
			children = (
				6E5DEF371D2E07D2009944D1 /* Cell */,
				6E5DEF381D2E07D2009944D1 /* Controller */,
				6E5DEF391D2E07D2009944D1 /* View */,
			);
			path = Me;
			sourceTree = "<group>";
		};
		6E5DEF371D2E07D2009944D1 /* Cell */ = {
			isa = PBXGroup;
			children = (
			);
			path = Cell;
			sourceTree = "<group>";
		};
		6E5DEF381D2E07D2009944D1 /* Controller */ = {
			isa = PBXGroup;
			children = (
				6E5DEF3A1D2E07ED009944D1 /* MeViewController.h */,
				6E5DEF3B1D2E07ED009944D1 /* MeViewController.m */,
			);
			path = Controller;
			sourceTree = "<group>";
		};
		6E5DEF391D2E07D2009944D1 /* View */ = {
			isa = PBXGroup;
			children = (
			);
			path = View;
			sourceTree = "<group>";
		};
		6E66C8B31D1ACBC5002DA3AB /* Follow */ = {
			isa = PBXGroup;
			children = (
				6E66C8B41D1ACBC5002DA3AB /* Controller */,
				6E66C8B51D1ACBC5002DA3AB /* View */,
			);
			path = Follow;
			sourceTree = "<group>";
		};
		6E66C8B41D1ACBC5002DA3AB /* Controller */ = {
			isa = PBXGroup;
			children = (
				6E66C8B61D1ACBD9002DA3AB /* FollowViewController.h */,
				6E66C8B71D1ACBD9002DA3AB /* FollowViewController.m */,
			);
			path = Controller;
			sourceTree = "<group>";
		};
		6E66C8B51D1ACBC5002DA3AB /* View */ = {
			isa = PBXGroup;
			children = (
			);
			path = View;
			sourceTree = "<group>";
		};
		6E66C8B91D1ADFDB002DA3AB /* Main */ = {
			isa = PBXGroup;
			children = (
				6E66C8BA1D1AE014002DA3AB /* ScrollTabBarController.h */,
				6E66C8BB1D1AE014002DA3AB /* ScrollTabBarController.m */,
				6E66C8C01D1AE150002DA3AB /* TabBarControllerAnimatedTransitioning.h */,
				6E66C8C11D1AE150002DA3AB /* TabBarControllerAnimatedTransitioning.m */,
			);
			path = Main;
			sourceTree = "<group>";
		};
		6E71ECC81D1C1BCA00F4B917 /* ESRequest */ = {
			isa = PBXGroup;
			children = (
				6E71ECC91D1C1BCA00F4B917 /* ESAPIConfigManager.h */,
				6E71ECCA1D1C1BCA00F4B917 /* ESAPIConfigManager.m */,
				6E71ECCB1D1C1BCA00F4B917 /* ESRequest.h */,
				6E71ECCC1D1C1BCA00F4B917 /* ESRequest.m */,
				6E71ECCD1D1C1BCA00F4B917 /* ESRequestCache.h */,
				6E71ECCE1D1C1BCA00F4B917 /* ESRequestCache.m */,
				6E71ECCF1D1C1BCA00F4B917 /* ESRequestHandler.h */,
				6E71ECD01D1C1BCA00F4B917 /* ESRequestHandler.m */,
			);
			path = ESRequest;
			sourceTree = "<group>";
		};
		6E71ECDE1D1C1F2D00F4B917 /* Entity */ = {
			isa = PBXGroup;
			children = (
				6E71ECDF1D1C203D00F4B917 /* HomeChannelEntity.h */,
				6E71ECE01D1C203D00F4B917 /* HomeChannelEntity.m */,
				6ED65D591D38B71900D264F8 /* HomeAnimationCategoryEntity.h */,
				6ED65D5A1D38B71900D264F8 /* HomeAnimationCategoryEntity.m */,
			);
			path = Entity;
			sourceTree = "<group>";
		};
		6E71ECE21D1C20CD00F4B917 /* Request */ = {
			isa = PBXGroup;
			children = (
				6E76C1771D2A736A00C259E8 /* HomeChannelRequest.h */,
				6E76C1781D2A736A00C259E8 /* HomeChannelRequest.m */,
				6EB4C1801D2CF59600AEB6EF /* HomeAnimationRequest.h */,
				6EB4C1811D2CF59600AEB6EF /* HomeAnimationRequest.m */,
			);
			path = Request;
			sourceTree = "<group>";
		};
		6E9FB08B1D1289FB0032C1DB /* Class */ = {
			isa = PBXGroup;
			children = (
				6E1535E21D1A95940053A846 /* Common */,
				6E1535E01D1A94A40053A846 /* Macro */,
				6E1535E11D1A94A40053A846 /* Category */,
				6E9FB08C1D1289FB0032C1DB /* Modules */,
			);
			path = Class;
			sourceTree = "<group>";
		};
		6E9FB08C1D1289FB0032C1DB /* Modules */ = {
			isa = PBXGroup;
			children = (
				FC825ED51D1FE80100698652 /* start */,
				6E66C8B91D1ADFDB002DA3AB /* Main */,
				6E1535E31D1A96950053A846 /* Home */,
				6E66C8B31D1ACBC5002DA3AB /* Follow */,
				FCD80DBE1D22B870009CDEC3 /* find */,
				6E5DEF361D2E07D2009944D1 /* Me */,
			);
			path = Modules;
			sourceTree = "<group>";
		};
		6EB691DE1D12422B000FA482 = {
			isa = PBXGroup;
			children = (
				6EFFD4B51D2BE5BE00D1BC9E /* README.md */,
				6EFFD4AF1D2BDEBA00D1BC9E /* 接口整理.md */,
				6E5381E11D1EA73E00B5B638 /* .gitignore */,
				6EB691E91D12422C000FA482 /* bilibili fake */,
				6EB692031D12422C000FA482 /* bilibili fakeTests */,
				6EB6920E1D12422C000FA482 /* bilibili fakeUITests */,
				6EB691E81D12422B000FA482 /* Products */,
				4797BAF3C91DC6AFA4374A82 /* Pods */,
				863C2DCAD6600A955EF6BE81 /* Frameworks */,
			);
			sourceTree = "<group>";
		};
		6EB691E81D12422B000FA482 /* Products */ = {
			isa = PBXGroup;
			children = (
				6EB691E71D12422B000FA482 /* bilibili fake.app */,
				6EB692001D12422C000FA482 /* bilibili fakeTests.xctest */,
				6EB6920B1D12422C000FA482 /* bilibili fakeUITests.xctest */,
			);
			name = Products;
			sourceTree = "<group>";
		};
		6EB691E91D12422C000FA482 /* bilibili fake */ = {
			isa = PBXGroup;
			children = (
				6E9FB08B1D1289FB0032C1DB /* Class */,
				6EB6921D1D12435E000FA482 /* Resources */,
				6E1535DE1D1A87FA0053A846 /* Librarys */,
				6EB691ED1D12422C000FA482 /* AppDelegate.h */,
				6EB691EE1D12422C000FA482 /* AppDelegate.m */,
				6E76C17A1D2A768D00C259E8 /* PrefixHeader.h */,
				6EB691F61D12422C000FA482 /* Assets.xcassets */,
				6EB691F81D12422C000FA482 /* LaunchScreen.storyboard */,
				6EB691FB1D12422C000FA482 /* Info.plist */,
				6EB691EA1D12422C000FA482 /* Supporting Files */,
			);
			path = "bilibili fake";
			sourceTree = "<group>";
		};
		6EB691EA1D12422C000FA482 /* Supporting Files */ = {
			isa = PBXGroup;
			children = (
				6EB691EB1D12422C000FA482 /* main.m */,
			);
			name = "Supporting Files";
			sourceTree = "<group>";
		};
		6EB692031D12422C000FA482 /* bilibili fakeTests */ = {
			isa = PBXGroup;
			children = (
				6EB692041D12422C000FA482 /* bilibili_fakeTests.m */,
				6EB692061D12422C000FA482 /* Info.plist */,
			);
			path = "bilibili fakeTests";
			sourceTree = "<group>";
		};
		6EB6920E1D12422C000FA482 /* bilibili fakeUITests */ = {
			isa = PBXGroup;
			children = (
				6EB6920F1D12422C000FA482 /* bilibili_fakeUITests.m */,
				6EB692111D12422C000FA482 /* Info.plist */,
			);
			path = "bilibili fakeUITests";
			sourceTree = "<group>";
		};
		6EB6921D1D12435E000FA482 /* Resources */ = {
			isa = PBXGroup;
			children = (
				FCFA054A1D2FB01A004A1742 /* bg.jpg */,
				FCA4C71D1D284DB70006CA0E /* 游戏中心假数据.json */,
			);
			path = Resources;
			sourceTree = "<group>";
		};
		6ED65D4E1D38B67800D264F8 /* Cell */ = {
			isa = PBXGroup;
			children = (
				6ED65D4F1D38B67800D264F8 /* HomeChannelCollectionViewCell.h */,
				6ED65D501D38B67800D264F8 /* HomeChannelCollectionViewCell.m */,
				6ED65D5C1D38B86E00D264F8 /* HomeAnimationCategoryCollectionViewCell.h */,
				6ED65D5D1D38B86E00D264F8 /* HomeAnimationCategoryCollectionViewCell.m */,
			);
			path = Cell;
			sourceTree = "<group>";
		};
		6ED65D511D38B67800D264F8 /* Model */ = {
			isa = PBXGroup;
			children = (
				6ED65D521D38B67800D264F8 /* HomeChannelModel.h */,
				6ED65D531D38B67800D264F8 /* HomeChannelModel.m */,
				6ED65D5F1D38B9A100D264F8 /* HomeAnimationModel.h */,
				6ED65D601D38B9A100D264F8 /* HomeAnimationModel.m */,
			);
			path = Model;
			sourceTree = "<group>";
		};
		6EFFD4A31D2BCDFB00D1BC9E /* Views */ = {
			isa = PBXGroup;
			children = (
				FCAA18EA1D2DED910046CBA4 /* rowBtn */,
				6EFFD4A41D2BCE0B00D1BC9E /* TabBar */,
			);
			path = Views;
			sourceTree = "<group>";
		};
		6EFFD4A41D2BCE0B00D1BC9E /* TabBar */ = {
			isa = PBXGroup;
			children = (
				6EFFD4A51D2BCE4400D1BC9E /* TabBar.h */,
				6EFFD4A61D2BCE4400D1BC9E /* TabBar.m */,
			);
			path = TabBar;
			sourceTree = "<group>";
		};
		6EFFD4A81D2BD6C500D1BC9E /* View */ = {
			isa = PBXGroup;
			children = (
				6EFFD4A91D2BD6D800D1BC9E /* UIView+Frame.h */,
				6EFFD4AA1D2BD6D800D1BC9E /* UIView+Frame.m */,
			);
			path = View;
			sourceTree = "<group>";
		};
		863C2DCAD6600A955EF6BE81 /* Frameworks */ = {
			isa = PBXGroup;
			children = (
				34A480E357E111053D1C8F64 /* libPods-bilibili fake.a */,
			);
			name = Frameworks;
			sourceTree = "<group>";
		};
		FC0745501D2CB762000DFBA6 /* ReadRQCodeVC */ = {
			isa = PBXGroup;
			children = (
				FC0745511D2CB7B9000DFBA6 /* ReadRQCodeVC.h */,
				FC0745521D2CB7B9000DFBA6 /* ReadRQCodeVC.m */,
			);
			name = "ReadRQ\U0010CodeVC";
			sourceTree = "<group>";
		};
		FC345C711D31597C00BAE32B /* SearchResultAllView */ = {
			isa = PBXGroup;
			children = (
				FC345C721D31597C00BAE32B /* SearchResultAllView.h */,
				FC345C731D31597C00BAE32B /* SearchResultAllView.m */,
			);
			path = SearchResultAllView;
			sourceTree = "<group>";
		};
		FC4D35EA1D27D27C000C3F01 /* Cell */ = {
			isa = PBXGroup;
			children = (
				FC6F488F1D363B1A00047EEA /* VideoCell */,
				FCB5C9C31D33AF41000215B3 /* NonVideoCell */,
				FCB5C9C61D33AF41000215B3 /* FindViewCell */,
				FCB5C9C91D33AF41000215B3 /* GameCenterCell */,
			);
			name = Cell;
			path = find/Cell;
			sourceTree = "<group>";
		};
		FC4D35F01D27F5FC000C3F01 /* Data */ = {
			isa = PBXGroup;
			children = (
				FCB5C9A81D3338AE000215B3 /* SearchPromptsData */,
				FCB5C9A01D333886000215B3 /* FindViewData */,
				FCB5C9A31D333886000215B3 /* SearchResultData */,
			);
			name = Data;
			path = find/Data;
			sourceTree = "<group>";
		};
		FC4D35F41D28378D000C3F01 /* FindViewController */ = {
			isa = PBXGroup;
			children = (
				FC4D35F51D28378D000C3F01 /* FindViewController.h */,
				FC4D35F61D28378D000C3F01 /* FindViewController.m */,
				FC4D35F71D28378D000C3F01 /* FindViewController.plist */,
			);
			path = FindViewController;
			sourceTree = "<group>";
		};
		FC4D35FB1D283EB5000C3F01 /* GameCentreVC */ = {
			isa = PBXGroup;
			children = (
				FC4D35FF1D283F47000C3F01 /* GameCentreVC.h */,
				FC4D36001D283F47000C3F01 /* GameCentreVC.m */,
			);
			name = GameCentreVC;
			path = GameCentreViewController;
			sourceTree = "<group>";
		};
		FC6F488F1D363B1A00047EEA /* VideoCell */ = {
			isa = PBXGroup;
			children = (
				FC6F48901D363B1A00047EEA /* VideoCell.h */,
				FC6F48911D363B1A00047EEA /* VideoCell.m */,
			);
			path = VideoCell;
			sourceTree = "<group>";
		};
		FC792C1F1D2E9B5300762831 /* SearchResultVC */ = {
			isa = PBXGroup;
			children = (
				FC792C201D2E9B7600762831 /* SearchResultVC.h */,
				FC792C211D2E9B7600762831 /* SearchResultVC.m */,
			);
			name = SearchResultVC;
			sourceTree = "<group>";
		};
		FC792C281D2E9C6300762831 /* SearchPromptsVC */ = {
			isa = PBXGroup;
			children = (
				FCB5C9AC1D333D33000215B3 /* SearchPromptsVC.h */,
				FCB5C9AD1D333D33000215B3 /* SearchPromptsVC.m */,
			);
			name = SearchPromptsVC;
			sourceTree = "<group>";
		};
		FC80C7301D377C2700D30E23 /* Label */ = {
			isa = PBXGroup;
			children = (
				FC80C7321D377C6400D30E23 /* UILabel+LeftTopAlign.h */,
				FC80C7331D377C6400D30E23 /* UILabel+LeftTopAlign.m */,
			);
			name = Label;
			sourceTree = "<group>";
		};
		FC825ED51D1FE80100698652 /* start */ = {
			isa = PBXGroup;
			children = (
				FC825ED61D1FE80100698652 /* CXHStartViewController.h */,
				FC825ED71D1FE80100698652 /* CXHStartViewController.m */,
			);
			path = start;
			sourceTree = "<group>";
		};
		FCAA18EA1D2DED910046CBA4 /* rowBtn */ = {
			isa = PBXGroup;
			children = (
				FCAA18EB1D2DEDD90046CBA4 /* RowBotton.h */,
				FCAA18EC1D2DEDD90046CBA4 /* RowBotton.m */,
			);
			name = rowBtn;
			sourceTree = "<group>";
		};
		FCB5C9A01D333886000215B3 /* FindViewData */ = {
			isa = PBXGroup;
			children = (
				FCB5C9A11D333886000215B3 /* FindViewData.h */,
				FCB5C9A21D333886000215B3 /* FindViewData.m */,
			);
			path = FindViewData;
			sourceTree = "<group>";
		};
		FCB5C9A31D333886000215B3 /* SearchResultData */ = {
			isa = PBXGroup;
			children = (
				FCB5C9A41D333886000215B3 /* SearchResultData.h */,
				FCB5C9A51D333886000215B3 /* SearchResultData.m */,
			);
			path = SearchResultData;
			sourceTree = "<group>";
		};
		FCB5C9A81D3338AE000215B3 /* SearchPromptsData */ = {
			isa = PBXGroup;
			children = (
				FCB5C9AF1D333D6F000215B3 /* SearchPromptsData.h */,
				FCB5C9B01D333D6F000215B3 /* SearchPromptsData.m */,
			);
			name = SearchPromptsData;
			sourceTree = "<group>";
		};
		FCB5C9C31D33AF41000215B3 /* NonVideoCell */ = {
			isa = PBXGroup;
			children = (
				FC6F48891D363AEB00047EEA /* NonVideoCell.h */,
				FC6F488A1D363AEB00047EEA /* NonVideoCell.m */,
			);
			name = NonVideoCell;
			path = BangumiCell;
			sourceTree = "<group>";
		};
		FCB5C9C61D33AF41000215B3 /* FindViewCell */ = {
			isa = PBXGroup;
			children = (
				FCB5C9C71D33AF41000215B3 /* FindViewCell.h */,
				FCB5C9C81D33AF41000215B3 /* FindViewCell.m */,
			);
			path = FindViewCell;
			sourceTree = "<group>";
		};
		FCB5C9C91D33AF41000215B3 /* GameCenterCell */ = {
			isa = PBXGroup;
			children = (
				FCB5C9CA1D33AF41000215B3 /* GameCenterCell.h */,
				FCB5C9CB1D33AF41000215B3 /* GameCenterCell.m */,
			);
			path = GameCenterCell;
			sourceTree = "<group>";
		};
		FCB6C4601D2BE880008A3137 /* JCTagListView */ = {
			isa = PBXGroup;
			children = (
				FCB6C4611D2BE880008A3137 /* JCCollectionViewTagFlowLayout.h */,
				FCB6C4621D2BE880008A3137 /* JCCollectionViewTagFlowLayout.m */,
				FCB6C4631D2BE880008A3137 /* JCTagCell.h */,
				FCB6C4641D2BE880008A3137 /* JCTagCell.m */,
				FCB6C4651D2BE880008A3137 /* JCTagListView.h */,
				FCB6C4661D2BE880008A3137 /* JCTagListView.m */,
			);
			path = JCTagListView;
			sourceTree = "<group>";
		};
		FCD80DBE1D22B870009CDEC3 /* find */ = {
			isa = PBXGroup;
			children = (
				FCEDE0751D2919900032569A /* View */,
				FC4D35F01D27F5FC000C3F01 /* Data */,
				FC4D35EA1D27D27C000C3F01 /* Cell */,
				FCD80DC31D22BF70009CDEC3 /* Controller */,
			);
			name = find;
			sourceTree = "<group>";
		};
		FCD80DC31D22BF70009CDEC3 /* Controller */ = {
			isa = PBXGroup;
			children = (
				FC792C281D2E9C6300762831 /* SearchPromptsVC */,
				FC792C1F1D2E9B5300762831 /* SearchResultVC */,
				FC4D35F41D28378D000C3F01 /* FindViewController */,
				FC0745501D2CB762000DFBA6 /* ReadRQCodeVC */,
				FC4D35FB1D283EB5000C3F01 /* GameCentreVC */,
			);
			name = Controller;
			path = find/Controller;
			sourceTree = "<group>";
		};
		FCEDE0751D2919900032569A /* View */ = {
			isa = PBXGroup;
			children = (
				FC345C711D31597C00BAE32B /* SearchResultAllView */,
			);
			name = View;
			path = find/View;
			sourceTree = "<group>";
		};
		FCFA053F1D2FAFE0004A1742 /* RippleTableViewController */ = {
			isa = PBXGroup;
			children = (
				FCFA05401D2FAFE0004A1742 /* GLIRViewController.h */,
				FCFA05411D2FAFE0004A1742 /* GLIRViewController.m */,
				FCFA05421D2FAFE0004A1742 /* RippleModel.h */,
				FCFA05431D2FAFE0004A1742 /* RippleModel.m */,
				FCFA05441D2FAFE0004A1742 /* Shader.fsh */,
				FCFA05451D2FAFE0004A1742 /* Shader.vsh */,
			);
			path = RippleTableViewController;
			sourceTree = "<group>";
		};
/* End PBXGroup section */

/* Begin PBXNativeTarget section */
		6EB691E61D12422B000FA482 /* bilibili fake */ = {
			isa = PBXNativeTarget;
			buildConfigurationList = 6EB692141D12422C000FA482 /* Build configuration list for PBXNativeTarget "bilibili fake" */;
			buildPhases = (
				44D07269A92B46C33B7C6CCD /* [CP] Check Pods Manifest.lock */,
				6EB691E31D12422B000FA482 /* Sources */,
				6EB691E41D12422B000FA482 /* Frameworks */,
				6EB691E51D12422B000FA482 /* Resources */,
				7D950342D049612630DE22F3 /* [CP] Embed Pods Frameworks */,
				48BAEE8D19CBD5BA635C2FB4 /* [CP] Copy Pods Resources */,
			);
			buildRules = (
			);
			dependencies = (
			);
			name = "bilibili fake";
			productName = "bilibili fake";
			productReference = 6EB691E71D12422B000FA482 /* bilibili fake.app */;
			productType = "com.apple.product-type.application";
		};
		6EB691FF1D12422C000FA482 /* bilibili fakeTests */ = {
			isa = PBXNativeTarget;
			buildConfigurationList = 6EB692171D12422C000FA482 /* Build configuration list for PBXNativeTarget "bilibili fakeTests" */;
			buildPhases = (
				6EB691FC1D12422C000FA482 /* Sources */,
				6EB691FD1D12422C000FA482 /* Frameworks */,
				6EB691FE1D12422C000FA482 /* Resources */,
			);
			buildRules = (
			);
			dependencies = (
				6EB692021D12422C000FA482 /* PBXTargetDependency */,
			);
			name = "bilibili fakeTests";
			productName = "bilibili fakeTests";
			productReference = 6EB692001D12422C000FA482 /* bilibili fakeTests.xctest */;
			productType = "com.apple.product-type.bundle.unit-test";
		};
		6EB6920A1D12422C000FA482 /* bilibili fakeUITests */ = {
			isa = PBXNativeTarget;
			buildConfigurationList = 6EB6921A1D12422C000FA482 /* Build configuration list for PBXNativeTarget "bilibili fakeUITests" */;
			buildPhases = (
				6EB692071D12422C000FA482 /* Sources */,
				6EB692081D12422C000FA482 /* Frameworks */,
				6EB692091D12422C000FA482 /* Resources */,
			);
			buildRules = (
			);
			dependencies = (
				6EB6920D1D12422C000FA482 /* PBXTargetDependency */,
			);
			name = "bilibili fakeUITests";
			productName = "bilibili fakeUITests";
			productReference = 6EB6920B1D12422C000FA482 /* bilibili fakeUITests.xctest */;
			productType = "com.apple.product-type.bundle.ui-testing";
		};
/* End PBXNativeTarget section */

/* Begin PBXProject section */
		6EB691DF1D12422B000FA482 /* Project object */ = {
			isa = PBXProject;
			attributes = {
				LastUpgradeCheck = 0730;
				ORGANIZATIONNAME = "云之彼端";
				TargetAttributes = {
					6EB691E61D12422B000FA482 = {
						CreatedOnToolsVersion = 7.3.1;
						DevelopmentTeamName = "JieCheng Gao";
					};
					6EB691FF1D12422C000FA482 = {
						CreatedOnToolsVersion = 7.3.1;
						TestTargetID = 6EB691E61D12422B000FA482;
					};
					6EB6920A1D12422C000FA482 = {
						CreatedOnToolsVersion = 7.3.1;
						TestTargetID = 6EB691E61D12422B000FA482;
					};
				};
			};
			buildConfigurationList = 6EB691E21D12422B000FA482 /* Build configuration list for PBXProject "bilibili fake" */;
			compatibilityVersion = "Xcode 3.2";
			developmentRegion = English;
			hasScannedForEncodings = 0;
			knownRegions = (
				en,
				Base,
			);
			mainGroup = 6EB691DE1D12422B000FA482;
			productRefGroup = 6EB691E81D12422B000FA482 /* Products */;
			projectDirPath = "";
			projectRoot = "";
			targets = (
				6EB691E61D12422B000FA482 /* bilibili fake */,
				6EB691FF1D12422C000FA482 /* bilibili fakeTests */,
				6EB6920A1D12422C000FA482 /* bilibili fakeUITests */,
			);
		};
/* End PBXProject section */

/* Begin PBXResourcesBuildPhase section */
		6EB691E51D12422B000FA482 /* Resources */ = {
			isa = PBXResourcesBuildPhase;
			buildActionMask = 2147483647;
			files = (
				FCA4C71E1D284DB70006CA0E /* 游戏中心假数据.json in Resources */,
				6EB691FA1D12422C000FA482 /* LaunchScreen.storyboard in Resources */,
				FCFA05491D2FAFE0004A1742 /* Shader.vsh in Resources */,
				FC4D35F91D28378D000C3F01 /* FindViewController.plist in Resources */,
				FCFA054B1D2FB01A004A1742 /* bg.jpg in Resources */,
				6EB691F71D12422C000FA482 /* Assets.xcassets in Resources */,
				FCFA05481D2FAFE0004A1742 /* Shader.fsh in Resources */,
			);
			runOnlyForDeploymentPostprocessing = 0;
		};
		6EB691FE1D12422C000FA482 /* Resources */ = {
			isa = PBXResourcesBuildPhase;
			buildActionMask = 2147483647;
			files = (
			);
			runOnlyForDeploymentPostprocessing = 0;
		};
		6EB692091D12422C000FA482 /* Resources */ = {
			isa = PBXResourcesBuildPhase;
			buildActionMask = 2147483647;
			files = (
			);
			runOnlyForDeploymentPostprocessing = 0;
		};
/* End PBXResourcesBuildPhase section */

/* Begin PBXShellScriptBuildPhase section */
		44D07269A92B46C33B7C6CCD /* [CP] Check Pods Manifest.lock */ = {
			isa = PBXShellScriptBuildPhase;
			buildActionMask = 2147483647;
			files = (
			);
			inputPaths = (
			);
			name = "[CP] Check Pods Manifest.lock";
			outputPaths = (
			);
			runOnlyForDeploymentPostprocessing = 0;
			shellPath = /bin/sh;
			shellScript = "diff \"${PODS_ROOT}/../Podfile.lock\" \"${PODS_ROOT}/Manifest.lock\" > /dev/null\nif [[ $? != 0 ]] ; then\n    cat << EOM\nerror: The sandbox is not in sync with the Podfile.lock. Run 'pod install' or update your CocoaPods installation.\nEOM\n    exit 1\nfi\n";
			showEnvVarsInLog = 0;
		};
		48BAEE8D19CBD5BA635C2FB4 /* [CP] Copy Pods Resources */ = {
			isa = PBXShellScriptBuildPhase;
			buildActionMask = 2147483647;
			files = (
			);
			inputPaths = (
			);
			name = "[CP] Copy Pods Resources";
			outputPaths = (
			);
			runOnlyForDeploymentPostprocessing = 0;
			shellPath = /bin/sh;
			shellScript = "\"${SRCROOT}/Pods/Target Support Files/Pods-bilibili fake/Pods-bilibili fake-resources.sh\"\n";
			showEnvVarsInLog = 0;
		};
		7D950342D049612630DE22F3 /* [CP] Embed Pods Frameworks */ = {
			isa = PBXShellScriptBuildPhase;
			buildActionMask = 2147483647;
			files = (
			);
			inputPaths = (
			);
			name = "[CP] Embed Pods Frameworks";
			outputPaths = (
			);
			runOnlyForDeploymentPostprocessing = 0;
			shellPath = /bin/sh;
			shellScript = "\"${SRCROOT}/Pods/Target Support Files/Pods-bilibili fake/Pods-bilibili fake-frameworks.sh\"\n";
			showEnvVarsInLog = 0;
		};
/* End PBXShellScriptBuildPhase section */

/* Begin PBXSourcesBuildPhase section */
		6EB691E31D12422B000FA482 /* Sources */ = {
			isa = PBXSourcesBuildPhase;
			buildActionMask = 2147483647;
			files = (
				FC4D35F81D28378D000C3F01 /* FindViewController.m in Sources */,
				FC6F48921D363B1A00047EEA /* VideoCell.m in Sources */,
				6EB4C1821D2CF59600AEB6EF /* HomeAnimationRequest.m in Sources */,
				FC6F488B1D363AEB00047EEA /* NonVideoCell.m in Sources */,
				6EFFD4AE1D2BDE9400D1BC9E /* HomeAnimationView.m in Sources */,
				6E71ECD51D1C1BCA00F4B917 /* ESRequestHandler.m in Sources */,
				FCFA05461D2FAFE0004A1742 /* GLIRViewController.m in Sources */,
				FCB5C9CD1D33AF41000215B3 /* FindViewCell.m in Sources */,
				FC80C7341D377C6400D30E23 /* UILabel+LeftTopAlign.m in Sources */,
				6E66C8BC1D1AE014002DA3AB /* ScrollTabBarController.m in Sources */,
				6E66C8AF1D1AB1E9002DA3AB /* HomeHeaderView.m in Sources */,
				FCB5C9CE1D33AF41000215B3 /* GameCenterCell.m in Sources */,
				6ED65D5E1D38B86E00D264F8 /* HomeAnimationCategoryCollectionViewCell.m in Sources */,
				FC825ED81D1FE80100698652 /* CXHStartViewController.m in Sources */,
				6EB691EF1D12422C000FA482 /* AppDelegate.m in Sources */,
				6E71ECD31D1C1BCA00F4B917 /* ESRequest.m in Sources */,
				FCB5C9B11D333D6F000215B3 /* SearchPromptsData.m in Sources */,
				FCB6C4671D2BE880008A3137 /* JCCollectionViewTagFlowLayout.m in Sources */,
				6E71ECD41D1C1BCA00F4B917 /* ESRequestCache.m in Sources */,
				6ED65D611D38B9A100D264F8 /* HomeAnimationModel.m in Sources */,
				6EB691EC1D12422C000FA482 /* main.m in Sources */,
				FC345C741D31597C00BAE32B /* SearchResultAllView.m in Sources */,
				6E5DEF3C1D2E07ED009944D1 /* MeViewController.m in Sources */,
				FC792C221D2E9B7600762831 /* SearchResultVC.m in Sources */,
				6E66C8B21D1AC307002DA3AB /* HomeLiveView.m in Sources */,
				FCB6C4681D2BE880008A3137 /* JCTagCell.m in Sources */,
				FC0745531D2CB7B9000DFBA6 /* ReadRQCodeVC.m in Sources */,
				6E76C1791D2A736A00C259E8 /* HomeChannelRequest.m in Sources */,
				6ED65D551D38B67800D264F8 /* HomeChannelModel.m in Sources */,
				FCB6C4691D2BE880008A3137 /* JCTagListView.m in Sources */,
				FCFA05471D2FAFE0004A1742 /* RippleModel.m in Sources */,
				6E66C8C21D1AE150002DA3AB /* TabBarControllerAnimatedTransitioning.m in Sources */,
				FC4D36011D283F47000C3F01 /* GameCentreVC.m in Sources */,
				6EFFD4AB1D2BD6D800D1BC9E /* UIView+Frame.m in Sources */,
				FCAA18ED1D2DEDD90046CBA4 /* RowBotton.m in Sources */,
				6E1535EA1D1A96A20053A846 /* HomeViewController.m in Sources */,
				6ED65D5B1D38B71900D264F8 /* HomeAnimationCategoryEntity.m in Sources */,
				FCB5C9AE1D333D33000215B3 /* SearchPromptsVC.m in Sources */,
				6EFFD4A71D2BCE4400D1BC9E /* TabBar.m in Sources */,
				6ED65D541D38B67800D264F8 /* HomeChannelCollectionViewCell.m in Sources */,
				FCB5C9A71D333886000215B3 /* SearchResultData.m in Sources */,
				FCB5C9A61D333886000215B3 /* FindViewData.m in Sources */,
				6E66C8B81D1ACBD9002DA3AB /* FollowViewController.m in Sources */,
				6E71ECD91D1C1DEA00F4B917 /* HomeChannelView.m in Sources */,
				6E71ECD21D1C1BCA00F4B917 /* ESAPIConfigManager.m in Sources */,
				6E71ECE11D1C203D00F4B917 /* HomeChannelEntity.m in Sources */,
			);
			runOnlyForDeploymentPostprocessing = 0;
		};
		6EB691FC1D12422C000FA482 /* Sources */ = {
			isa = PBXSourcesBuildPhase;
			buildActionMask = 2147483647;
			files = (
				6EB692051D12422C000FA482 /* bilibili_fakeTests.m in Sources */,
			);
			runOnlyForDeploymentPostprocessing = 0;
		};
		6EB692071D12422C000FA482 /* Sources */ = {
			isa = PBXSourcesBuildPhase;
			buildActionMask = 2147483647;
			files = (
				6EB692101D12422C000FA482 /* bilibili_fakeUITests.m in Sources */,
			);
			runOnlyForDeploymentPostprocessing = 0;
		};
/* End PBXSourcesBuildPhase section */

/* Begin PBXTargetDependency section */
		6EB692021D12422C000FA482 /* PBXTargetDependency */ = {
			isa = PBXTargetDependency;
			target = 6EB691E61D12422B000FA482 /* bilibili fake */;
			targetProxy = 6EB692011D12422C000FA482 /* PBXContainerItemProxy */;
		};
		6EB6920D1D12422C000FA482 /* PBXTargetDependency */ = {
			isa = PBXTargetDependency;
			target = 6EB691E61D12422B000FA482 /* bilibili fake */;
			targetProxy = 6EB6920C1D12422C000FA482 /* PBXContainerItemProxy */;
		};
/* End PBXTargetDependency section */

/* Begin PBXVariantGroup section */
		6EB691F81D12422C000FA482 /* LaunchScreen.storyboard */ = {
			isa = PBXVariantGroup;
			children = (
				6EB691F91D12422C000FA482 /* Base */,
			);
			name = LaunchScreen.storyboard;
			sourceTree = "<group>";
		};
/* End PBXVariantGroup section */

/* Begin XCBuildConfiguration section */
		6EB692121D12422C000FA482 /* Debug */ = {
			isa = XCBuildConfiguration;
			buildSettings = {
				ALWAYS_SEARCH_USER_PATHS = NO;
				CLANG_ANALYZER_NONNULL = YES;
				CLANG_CXX_LANGUAGE_STANDARD = "gnu++0x";
				CLANG_CXX_LIBRARY = "libc++";
				CLANG_ENABLE_MODULES = YES;
				CLANG_ENABLE_OBJC_ARC = YES;
				CLANG_WARN_BOOL_CONVERSION = YES;
				CLANG_WARN_CONSTANT_CONVERSION = YES;
				CLANG_WARN_DIRECT_OBJC_ISA_USAGE = YES_ERROR;
				CLANG_WARN_EMPTY_BODY = YES;
				CLANG_WARN_ENUM_CONVERSION = YES;
				CLANG_WARN_INT_CONVERSION = YES;
				CLANG_WARN_OBJC_ROOT_CLASS = YES_ERROR;
				CLANG_WARN_UNREACHABLE_CODE = YES;
				CLANG_WARN__DUPLICATE_METHOD_MATCH = YES;
				"CODE_SIGN_IDENTITY[sdk=iphoneos*]" = "iPhone Developer";
				COPY_PHASE_STRIP = NO;
				DEBUG_INFORMATION_FORMAT = dwarf;
				ENABLE_STRICT_OBJC_MSGSEND = YES;
				ENABLE_TESTABILITY = YES;
				GCC_C_LANGUAGE_STANDARD = gnu99;
				GCC_DYNAMIC_NO_PIC = NO;
				GCC_NO_COMMON_BLOCKS = YES;
				GCC_OPTIMIZATION_LEVEL = 0;
				GCC_PREPROCESSOR_DEFINITIONS = (
					"DEBUG=1",
					"$(inherited)",
				);
				GCC_WARN_64_TO_32_BIT_CONVERSION = YES;
				GCC_WARN_ABOUT_RETURN_TYPE = YES_ERROR;
				GCC_WARN_UNDECLARED_SELECTOR = YES;
				GCC_WARN_UNINITIALIZED_AUTOS = YES_AGGRESSIVE;
				GCC_WARN_UNUSED_FUNCTION = YES;
				GCC_WARN_UNUSED_VARIABLE = YES;
				IPHONEOS_DEPLOYMENT_TARGET = 9.3;
				MTL_ENABLE_DEBUG_INFO = YES;
				ONLY_ACTIVE_ARCH = YES;
				SDKROOT = iphoneos;
				TARGETED_DEVICE_FAMILY = "1,2";
			};
			name = Debug;
		};
		6EB692131D12422C000FA482 /* Release */ = {
			isa = XCBuildConfiguration;
			buildSettings = {
				ALWAYS_SEARCH_USER_PATHS = NO;
				CLANG_ANALYZER_NONNULL = YES;
				CLANG_CXX_LANGUAGE_STANDARD = "gnu++0x";
				CLANG_CXX_LIBRARY = "libc++";
				CLANG_ENABLE_MODULES = YES;
				CLANG_ENABLE_OBJC_ARC = YES;
				CLANG_WARN_BOOL_CONVERSION = YES;
				CLANG_WARN_CONSTANT_CONVERSION = YES;
				CLANG_WARN_DIRECT_OBJC_ISA_USAGE = YES_ERROR;
				CLANG_WARN_EMPTY_BODY = YES;
				CLANG_WARN_ENUM_CONVERSION = YES;
				CLANG_WARN_INT_CONVERSION = YES;
				CLANG_WARN_OBJC_ROOT_CLASS = YES_ERROR;
				CLANG_WARN_UNREACHABLE_CODE = YES;
				CLANG_WARN__DUPLICATE_METHOD_MATCH = YES;
				"CODE_SIGN_IDENTITY[sdk=iphoneos*]" = "iPhone Developer";
				COPY_PHASE_STRIP = NO;
				DEBUG_INFORMATION_FORMAT = "dwarf-with-dsym";
				ENABLE_NS_ASSERTIONS = NO;
				ENABLE_STRICT_OBJC_MSGSEND = YES;
				GCC_C_LANGUAGE_STANDARD = gnu99;
				GCC_NO_COMMON_BLOCKS = YES;
				GCC_WARN_64_TO_32_BIT_CONVERSION = YES;
				GCC_WARN_ABOUT_RETURN_TYPE = YES_ERROR;
				GCC_WARN_UNDECLARED_SELECTOR = YES;
				GCC_WARN_UNINITIALIZED_AUTOS = YES_AGGRESSIVE;
				GCC_WARN_UNUSED_FUNCTION = YES;
				GCC_WARN_UNUSED_VARIABLE = YES;
				IPHONEOS_DEPLOYMENT_TARGET = 9.3;
				MTL_ENABLE_DEBUG_INFO = NO;
				SDKROOT = iphoneos;
				TARGETED_DEVICE_FAMILY = "1,2";
				VALIDATE_PRODUCT = YES;
			};
			name = Release;
		};
		6EB692151D12422C000FA482 /* Debug */ = {
			isa = XCBuildConfiguration;
			baseConfigurationReference = 5F2BF61021EE340EDD15E9D7 /* Pods-bilibili fake.debug.xcconfig */;
			buildSettings = {
				ASSETCATALOG_COMPILER_APPICON_NAME = AppIcon;
				CLANG_ENABLE_OBJC_WEAK = YES;
				CODE_SIGN_IDENTITY = "iPhone Developer";
				"CODE_SIGN_IDENTITY[sdk=iphoneos*]" = "iPhone Developer";
				GCC_PREFIX_HEADER = "bilibili fake/PrefixHeader.h";
				INFOPLIST_FILE = "bilibili fake/Info.plist";
				IPHONEOS_DEPLOYMENT_TARGET = 8.0;
				LD_RUNPATH_SEARCH_PATHS = "$(inherited) @executable_path/Frameworks";
				PRODUCT_BUNDLE_IDENTIFIER = "com.cezr.bilibili-fake";
				PRODUCT_NAME = "$(TARGET_NAME)";
				PROVISIONING_PROFILE = "";
			};
			name = Debug;
		};
		6EB692161D12422C000FA482 /* Release */ = {
			isa = XCBuildConfiguration;
			baseConfigurationReference = 8A799A4DD17AEAA2C2D0960A /* Pods-bilibili fake.release.xcconfig */;
			buildSettings = {
				ASSETCATALOG_COMPILER_APPICON_NAME = AppIcon;
				CLANG_ENABLE_OBJC_WEAK = YES;
				CODE_SIGN_IDENTITY = "iPhone Developer";
				"CODE_SIGN_IDENTITY[sdk=iphoneos*]" = "iPhone Developer";
				GCC_PREFIX_HEADER = "bilibili fake/PrefixHeader.h";
				INFOPLIST_FILE = "bilibili fake/Info.plist";
				IPHONEOS_DEPLOYMENT_TARGET = 8.0;
				LD_RUNPATH_SEARCH_PATHS = "$(inherited) @executable_path/Frameworks";
				PRODUCT_BUNDLE_IDENTIFIER = "com.cezr.bilibili-fake";
				PRODUCT_NAME = "$(TARGET_NAME)";
				PROVISIONING_PROFILE = "";
			};
			name = Release;
		};
		6EB692181D12422C000FA482 /* Debug */ = {
			isa = XCBuildConfiguration;
			buildSettings = {
				BUNDLE_LOADER = "$(TEST_HOST)";
				INFOPLIST_FILE = "bilibili fakeTests/Info.plist";
				LD_RUNPATH_SEARCH_PATHS = "$(inherited) @executable_path/Frameworks @loader_path/Frameworks";
				PRODUCT_BUNDLE_IDENTIFIER = "com.cezr.bilibili-fakeTests";
				PRODUCT_NAME = "$(TARGET_NAME)";
				TEST_HOST = "$(BUILT_PRODUCTS_DIR)/bilibili fake.app/bilibili fake";
			};
			name = Debug;
		};
		6EB692191D12422C000FA482 /* Release */ = {
			isa = XCBuildConfiguration;
			buildSettings = {
				BUNDLE_LOADER = "$(TEST_HOST)";
				INFOPLIST_FILE = "bilibili fakeTests/Info.plist";
				LD_RUNPATH_SEARCH_PATHS = "$(inherited) @executable_path/Frameworks @loader_path/Frameworks";
				PRODUCT_BUNDLE_IDENTIFIER = "com.cezr.bilibili-fakeTests";
				PRODUCT_NAME = "$(TARGET_NAME)";
				TEST_HOST = "$(BUILT_PRODUCTS_DIR)/bilibili fake.app/bilibili fake";
			};
			name = Release;
		};
		6EB6921B1D12422C000FA482 /* Debug */ = {
			isa = XCBuildConfiguration;
			buildSettings = {
				INFOPLIST_FILE = "bilibili fakeUITests/Info.plist";
				LD_RUNPATH_SEARCH_PATHS = "$(inherited) @executable_path/Frameworks @loader_path/Frameworks";
				PRODUCT_BUNDLE_IDENTIFIER = "com.cezr.bilibili-fakeUITests";
				PRODUCT_NAME = "$(TARGET_NAME)";
				TEST_TARGET_NAME = "bilibili fake";
			};
			name = Debug;
		};
		6EB6921C1D12422C000FA482 /* Release */ = {
			isa = XCBuildConfiguration;
			buildSettings = {
				INFOPLIST_FILE = "bilibili fakeUITests/Info.plist";
				LD_RUNPATH_SEARCH_PATHS = "$(inherited) @executable_path/Frameworks @loader_path/Frameworks";
				PRODUCT_BUNDLE_IDENTIFIER = "com.cezr.bilibili-fakeUITests";
				PRODUCT_NAME = "$(TARGET_NAME)";
				TEST_TARGET_NAME = "bilibili fake";
			};
			name = Release;
		};
/* End XCBuildConfiguration section */

/* Begin XCConfigurationList section */
		6EB691E21D12422B000FA482 /* Build configuration list for PBXProject "bilibili fake" */ = {
			isa = XCConfigurationList;
			buildConfigurations = (
				6EB692121D12422C000FA482 /* Debug */,
				6EB692131D12422C000FA482 /* Release */,
			);
			defaultConfigurationIsVisible = 0;
			defaultConfigurationName = Release;
		};
		6EB692141D12422C000FA482 /* Build configuration list for PBXNativeTarget "bilibili fake" */ = {
			isa = XCConfigurationList;
			buildConfigurations = (
				6EB692151D12422C000FA482 /* Debug */,
				6EB692161D12422C000FA482 /* Release */,
			);
			defaultConfigurationIsVisible = 0;
			defaultConfigurationName = Release;
		};
		6EB692171D12422C000FA482 /* Build configuration list for PBXNativeTarget "bilibili fakeTests" */ = {
			isa = XCConfigurationList;
			buildConfigurations = (
				6EB692181D12422C000FA482 /* Debug */,
				6EB692191D12422C000FA482 /* Release */,
			);
			defaultConfigurationIsVisible = 0;
			defaultConfigurationName = Release;
		};
		6EB6921A1D12422C000FA482 /* Build configuration list for PBXNativeTarget "bilibili fakeUITests" */ = {
			isa = XCConfigurationList;
			buildConfigurations = (
				6EB6921B1D12422C000FA482 /* Debug */,
				6EB6921C1D12422C000FA482 /* Release */,
			);
			defaultConfigurationIsVisible = 0;
			defaultConfigurationName = Release;
		};
/* End XCConfigurationList section */
	};
	rootObject = 6EB691DF1D12422B000FA482 /* Project object */;
}
